
Microsoft Visual Studio Solution File, Format Version 12.00
# Visual Studio Version 17
VisualStudioVersion = 17.0.31903.59
MinimumVisualStudioVersion = 10.0.40219.1
Project("{2150E333-8FDC-42A3-9474-1A3956D46DE8}") = "src", "src", "{04D8A5C1-2AA9-4B4C-9D18-5A7A63D600CD}"
EndProject
Project("{FAE04EC0-301F-11D3-BF4B-00C04F79EFBC}") = "OpenShrike.Core", "src\OpenShrike.Core\OpenShrike.Core.csproj", "{3A71901B-8CD7-4D33-801E-F703D4C0CDA1}"
EndProject
Project("{FAE04EC0-301F-11D3-BF4B-00C04F79EFBC}") = "OpenShrike.Cli", "src\OpenShrike.Cli\OpenShrike.Cli.csproj", "{E16C1B39-4A72-4B07-B307-D5FFF72C8F75}"
EndProject
Project("{2150E333-8FDC-42A3-9474-1A3956D46DE8}") = "tests", "tests", "{134DAF62-6473-4863-85F3-09E5D096F383}"
EndProject
Project("{FAE04EC0-301F-11D3-BF4B-00C04F79EFBC}") = "OpenShrike.Tests", "tests\OpenShrike.Tests\OpenShrike.Tests.csproj", "{5A270298-98AF-407D-9701-ABB90386D29B}"
EndProject
Global
	GlobalSection(SolutionConfigurationPlatforms) = preSolution
		Debug|Any CPU = Debug|Any CPU
		Release|Any CPU = Release|Any CPU
	EndGlobalSection
	GlobalSection(SolutionProperties) = preSolution
		HideSolutionNode = FALSE
	EndGlobalSection
	GlobalSection(ProjectConfigurationPlatforms) = postSolution
		{3A71901B-8CD7-4D33-801E-F703D4C0CDA1}.Debug|Any CPU.ActiveCfg = Debug|Any CPU
		{3A71901B-8CD7-4D33-801E-F703D4C0CDA1}.Debug|Any CPU.Build.0 = Debug|Any CPU
		{3A71901B-8CD7-4D33-801E-F703D4C0CDA1}.Release|Any CPU.ActiveCfg = Release|Any CPU
		{3A71901B-8CD7-4D33-801E-F703D4C0CDA1}.Release|Any CPU.Build.0 = Release|Any CPU
		{E16C1B39-4A72-4B07-B307-D5FFF72C8F75}.Debug|Any CPU.ActiveCfg = Debug|Any CPU
		{E16C1B39-4A72-4B07-B307-D5FFF72C8F75}.Debug|Any CPU.Build.0 = Debug|Any CPU
		{E16C1B39-4A72-4B07-B307-D5FFF72C8F75}.Release|Any CPU.ActiveCfg = Release|Any CPU
		{E16C1B39-4A72-4B07-B307-D5FFF72C8F75}.Release|Any CPU.Build.0 = Release|Any CPU
		{5A270298-98AF-407D-9701-ABB90386D29B}.Debug|Any CPU.ActiveCfg = Debug|Any CPU
		{5A270298-98AF-407D-9701-ABB90386D29B}.Debug|Any CPU.Build.0 = Debug|Any CPU
		{5A270298-98AF-407D-9701-ABB90386D29B}.Release|Any CPU.ActiveCfg = Release|Any CPU
		{5A270298-98AF-407D-9701-ABB90386D29B}.Release|Any CPU.Build.0 = Release|Any CPU
	EndGlobalSection
	GlobalSection(NestedProjects) = preSolution
		{3A71901B-8CD7-4D33-801E-F703D4C0CDA1} = {04D8A5C1-2AA9-4B4C-9D18-5A7A63D600CD}
		{E16C1B39-4A72-4B07-B307-D5FFF72C8F75} = {04D8A5C1-2AA9-4B4C-9D18-5A7A63D600CD}
		{5A270298-98AF-407D-9701-ABB90386D29B} = {134DAF62-6473-4863-85F3-09E5D096F383}
	EndGlobalSection
EndGlobal
